
Microsoft Visual Studio Solution File, Format Version 12.00
# Visual Studio Version 17
VisualStudioVersion = 17.4.33103.184
MinimumVisualStudioVersion = 10.0.40219.1
Project("{FAE04EC0-301F-11D3-BF4B-00C04F79EFBC}") = "Sokoban", "Sokoban.csproj", "{F29CFCC0-EABC-4D5B-8A07-4096A546F732}"
EndProject
Global
	GlobalSection(SolutionConfigurationPlatforms) = preSolution
		Debug|Any CPU = Debug|Any CPU
		Release|Any CPU = Release|Any CPU
	EndGlobalSection
	GlobalSection(ProjectConfigurationPlatforms) = postSolution
		{F29CFCC0-EABC-4D5B-8A07-4096A546F732}.Debug|Any CPU.ActiveCfg = Debug|Any CPU
		{F29CFCC0-EABC-4D5B-8A07-4096A546F732}.Debug|Any CPU.Build.0 = Debug|Any CPU
		{F29CFCC0-EABC-4D5B-8A07-4096A546F732}.Release|Any CPU.ActiveCfg = Release|Any CPU
		{F29CFCC0-EABC-4D5B-8A07-4096A546F732}.Release|Any CPU.Build.0 = Release|Any CPU
	EndGlobalSection
	GlobalSection(SolutionProperties) = preSolution
		HideSolutionNode = FALSE
	EndGlobalSection
	GlobalSection(ExtensibilityGlobals) = postSolution
		SolutionGuid = {9CDAEA1A-5288-4105-A661-9CD8CC614D29}
	EndGlobalSection
EndGlobal
