
Microsoft Visual Studio Solution File, Format Version 12.00
# Visual Studio Version 17
VisualStudioVersion = 17.4.33205.214
MinimumVisualStudioVersion = 10.0.40219.1
Project("{FAE04EC0-301F-11D3-BF4B-00C04F79EFBC}") = "Sokoban", "Sokoban\Sokoban.csproj", "{5A4F2807-52E2-4E16-81C2-A3FDCDB8D510}"
EndProject
Global
	GlobalSection(SolutionConfigurationPlatforms) = preSolution
		Debug|Any CPU = Debug|Any CPU
		Release|Any CPU = Release|Any CPU
	EndGlobalSection
	GlobalSection(ProjectConfigurationPlatforms) = postSolution
		{5A4F2807-52E2-4E16-81C2-A3FDCDB8D510}.Debug|Any CPU.ActiveCfg = Debug|Any CPU
		{5A4F2807-52E2-4E16-81C2-A3FDCDB8D510}.Debug|Any CPU.Build.0 = Debug|Any CPU
		{5A4F2807-52E2-4E16-81C2-A3FDCDB8D510}.Release|Any CPU.ActiveCfg = Release|Any CPU
		{5A4F2807-52E2-4E16-81C2-A3FDCDB8D510}.Release|Any CPU.Build.0 = Release|Any CPU
	EndGlobalSection
	GlobalSection(SolutionProperties) = preSolution
		HideSolutionNode = FALSE
	EndGlobalSection
	GlobalSection(ExtensibilityGlobals) = postSolution
		SolutionGuid = {7A2DECFD-CAF1-4C41-AA59-94D81F46BB6E}
	EndGlobalSection
EndGlobal
