
Microsoft Visual Studio Solution File, Format Version 12.00
# Visual Studio Version 16
VisualStudioVersion = 25.0.1704.1
MinimumVisualStudioVersion = 10.0.40219.1
Project("{FAE04EC0-301F-11D3-BF4B-00C04F79EFBC}") = "Sokoban", "Sokoban\Sokoban.csproj", "{80528CC0-BF43-49AA-A4A7-2BEDD5845680}"
EndProject
Global
	GlobalSection(SolutionConfigurationPlatforms) = preSolution
		Debug|Any CPU = Debug|Any CPU
		Release|Any CPU = Release|Any CPU
	EndGlobalSection
	GlobalSection(ProjectConfigurationPlatforms) = postSolution
		{80528CC0-BF43-49AA-A4A7-2BEDD5845680}.Debug|Any CPU.ActiveCfg = Debug|Any CPU
		{80528CC0-BF43-49AA-A4A7-2BEDD5845680}.Debug|Any CPU.Build.0 = Debug|Any CPU
		{80528CC0-BF43-49AA-A4A7-2BEDD5845680}.Release|Any CPU.ActiveCfg = Release|Any CPU
		{80528CC0-BF43-49AA-A4A7-2BEDD5845680}.Release|Any CPU.Build.0 = Release|Any CPU
	EndGlobalSection
	GlobalSection(SolutionProperties) = preSolution
		HideSolutionNode = FALSE
	EndGlobalSection
	GlobalSection(ExtensibilityGlobals) = postSolution
		SolutionGuid = {EEC6F640-DC17-4487-85E8-8F9098C38920}
	EndGlobalSection
EndGlobal
