
Microsoft Visual Studio Solution File, Format Version 12.00
# Visual Studio Version 17
VisualStudioVersion = 17.4.33205.214
MinimumVisualStudioVersion = 10.0.40219.1
Project("{FAE04EC0-301F-11D3-BF4B-00C04F79EFBC}") = "WinFormsApp1", "WinFormsApp1\WinFormsApp1.csproj", "{2FC13F07-69C0-4EA4-BE9F-DDF1AA7A27F6}"
EndProject
Global
	GlobalSection(SolutionConfigurationPlatforms) = preSolution
		Debug|Any CPU = Debug|Any CPU
		Release|Any CPU = Release|Any CPU
	EndGlobalSection
	GlobalSection(ProjectConfigurationPlatforms) = postSolution
		{2FC13F07-69C0-4EA4-BE9F-DDF1AA7A27F6}.Debug|Any CPU.ActiveCfg = Debug|Any CPU
		{2FC13F07-69C0-4EA4-BE9F-DDF1AA7A27F6}.Debug|Any CPU.Build.0 = Debug|Any CPU
		{2FC13F07-69C0-4EA4-BE9F-DDF1AA7A27F6}.Release|Any CPU.ActiveCfg = Release|Any CPU
		{2FC13F07-69C0-4EA4-BE9F-DDF1AA7A27F6}.Release|Any CPU.Build.0 = Release|Any CPU
	EndGlobalSection
	GlobalSection(SolutionProperties) = preSolution
		HideSolutionNode = FALSE
	EndGlobalSection
	GlobalSection(ExtensibilityGlobals) = postSolution
		SolutionGuid = {BA96F965-89AE-4511-B705-75DF1B8E22FF}
	EndGlobalSection
EndGlobal
