
Microsoft Visual Studio Solution File, Format Version 12.00
# Visual Studio Version 17
VisualStudioVersion = 17.4.33205.214
MinimumVisualStudioVersion = 10.0.40219.1
Project("{9A19103F-16F7-4668-BE54-9A1E7A4F7556}") = "Sokoban", "Sokoban\Sokoban.csproj", "{421F70A0-EEA7-40F6-8E53-906B3B7CC652}"
EndProject
Global
	GlobalSection(SolutionConfigurationPlatforms) = preSolution
		Debug|Any CPU = Debug|Any CPU
		Release|Any CPU = Release|Any CPU
	EndGlobalSection
	GlobalSection(ProjectConfigurationPlatforms) = postSolution
		{421F70A0-EEA7-40F6-8E53-906B3B7CC652}.Debug|Any CPU.ActiveCfg = Debug|Any CPU
		{421F70A0-EEA7-40F6-8E53-906B3B7CC652}.Debug|Any CPU.Build.0 = Debug|Any CPU
		{421F70A0-EEA7-40F6-8E53-906B3B7CC652}.Release|Any CPU.ActiveCfg = Release|Any CPU
		{421F70A0-EEA7-40F6-8E53-906B3B7CC652}.Release|Any CPU.Build.0 = Release|Any CPU
	EndGlobalSection
	GlobalSection(SolutionProperties) = preSolution
		HideSolutionNode = FALSE
	EndGlobalSection
	GlobalSection(ExtensibilityGlobals) = postSolution
		SolutionGuid = {E21850DD-0E67-4729-AEBA-D94FF54512CB}
	EndGlobalSection
EndGlobal
