
Microsoft Visual Studio Solution File, Format Version 12.00
# Visual Studio Version 17
VisualStudioVersion = 17.4.33205.214
MinimumVisualStudioVersion = 10.0.40219.1
Project("{FAE04EC0-301F-11D3-BF4B-00C04F79EFBC}") = "소코반 연습용", "소코반 연습용\소코반 연습용.csproj", "{D3F2AB2B-EBEA-4999-B9AA-36C0C6F49687}"
EndProject
Global
	GlobalSection(SolutionConfigurationPlatforms) = preSolution
		Debug|Any CPU = Debug|Any CPU
		Release|Any CPU = Release|Any CPU
	EndGlobalSection
	GlobalSection(ProjectConfigurationPlatforms) = postSolution
		{D3F2AB2B-EBEA-4999-B9AA-36C0C6F49687}.Debug|Any CPU.ActiveCfg = Debug|Any CPU
		{D3F2AB2B-EBEA-4999-B9AA-36C0C6F49687}.Debug|Any CPU.Build.0 = Debug|Any CPU
		{D3F2AB2B-EBEA-4999-B9AA-36C0C6F49687}.Release|Any CPU.ActiveCfg = Release|Any CPU
		{D3F2AB2B-EBEA-4999-B9AA-36C0C6F49687}.Release|Any CPU.Build.0 = Release|Any CPU
	EndGlobalSection
	GlobalSection(SolutionProperties) = preSolution
		HideSolutionNode = FALSE
	EndGlobalSection
	GlobalSection(ExtensibilityGlobals) = postSolution
		SolutionGuid = {50D2D01B-C7C5-4AAA-A2EC-908BBC5A275A}
	EndGlobalSection
EndGlobal
