
Microsoft Visual Studio Solution File, Format Version 12.00
# Visual Studio Version 16
VisualStudioVersion = 25.0.1704.2
MinimumVisualStudioVersion = 10.0.40219.1
Project("{FAE04EC0-301F-11D3-BF4B-00C04F79EFBC}") = "Sokoban-Smchoi", "Sokoban-Smchoi\Sokoban-Smchoi.csproj", "{0C0866F7-649D-400D-BD0C-21D9B0F576C9}"
EndProject
Global
	GlobalSection(SolutionConfigurationPlatforms) = preSolution
		Debug|Any CPU = Debug|Any CPU
		Release|Any CPU = Release|Any CPU
	EndGlobalSection
	GlobalSection(ProjectConfigurationPlatforms) = postSolution
		{0C0866F7-649D-400D-BD0C-21D9B0F576C9}.Debug|Any CPU.ActiveCfg = Debug|Any CPU
		{0C0866F7-649D-400D-BD0C-21D9B0F576C9}.Debug|Any CPU.Build.0 = Debug|Any CPU
		{0C0866F7-649D-400D-BD0C-21D9B0F576C9}.Release|Any CPU.ActiveCfg = Release|Any CPU
		{0C0866F7-649D-400D-BD0C-21D9B0F576C9}.Release|Any CPU.Build.0 = Release|Any CPU
	EndGlobalSection
	GlobalSection(SolutionProperties) = preSolution
		HideSolutionNode = FALSE
	EndGlobalSection
	GlobalSection(ExtensibilityGlobals) = postSolution
		SolutionGuid = {9F5BD65A-716F-4258-8AC1-02FB7FAED659}
	EndGlobalSection
EndGlobal
