
Microsoft Visual Studio Solution File, Format Version 12.00
# Visual Studio Version 16
VisualStudioVersion = 16.0.33027.164
MinimumVisualStudioVersion = 10.0.40219.1
Project("{FAE04EC0-301F-11D3-BF4B-00C04F79EFBC}") = "Sokoban", "Sokoban\Sokoban.csproj", "{BB21F521-F551-4B8D-9E46-FC44D0D219E3}"
EndProject
Global
	GlobalSection(SolutionConfigurationPlatforms) = preSolution
		Debug|Any CPU = Debug|Any CPU
		Release|Any CPU = Release|Any CPU
	EndGlobalSection
	GlobalSection(ProjectConfigurationPlatforms) = postSolution
		{BB21F521-F551-4B8D-9E46-FC44D0D219E3}.Debug|Any CPU.ActiveCfg = Debug|Any CPU
		{BB21F521-F551-4B8D-9E46-FC44D0D219E3}.Debug|Any CPU.Build.0 = Debug|Any CPU
		{BB21F521-F551-4B8D-9E46-FC44D0D219E3}.Release|Any CPU.ActiveCfg = Release|Any CPU
		{BB21F521-F551-4B8D-9E46-FC44D0D219E3}.Release|Any CPU.Build.0 = Release|Any CPU
	EndGlobalSection
	GlobalSection(SolutionProperties) = preSolution
		HideSolutionNode = FALSE
	EndGlobalSection
	GlobalSection(ExtensibilityGlobals) = postSolution
		SolutionGuid = {11256416-9AFB-4C4F-9A4A-DA1D24BCC689}
	EndGlobalSection
EndGlobal
