
Microsoft Visual Studio Solution File, Format Version 12.00
# Visual Studio Version 17
VisualStudioVersion = 17.4.33205.214
MinimumVisualStudioVersion = 10.0.40219.1
Project("{FAE04EC0-301F-11D3-BF4B-00C04F79EFBC}") = "Sokoban-Project", "Sokoban-Project\Sokoban-Project.csproj", "{9F71BD36-E3D4-4506-9812-44C9FC66BA3A}"
EndProject
Global
	GlobalSection(SolutionConfigurationPlatforms) = preSolution
		Debug|Any CPU = Debug|Any CPU
		Release|Any CPU = Release|Any CPU
	EndGlobalSection
	GlobalSection(ProjectConfigurationPlatforms) = postSolution
		{9F71BD36-E3D4-4506-9812-44C9FC66BA3A}.Debug|Any CPU.ActiveCfg = Debug|Any CPU
		{9F71BD36-E3D4-4506-9812-44C9FC66BA3A}.Debug|Any CPU.Build.0 = Debug|Any CPU
		{9F71BD36-E3D4-4506-9812-44C9FC66BA3A}.Release|Any CPU.ActiveCfg = Release|Any CPU
		{9F71BD36-E3D4-4506-9812-44C9FC66BA3A}.Release|Any CPU.Build.0 = Release|Any CPU
	EndGlobalSection
	GlobalSection(SolutionProperties) = preSolution
		HideSolutionNode = FALSE
	EndGlobalSection
	GlobalSection(ExtensibilityGlobals) = postSolution
		SolutionGuid = {A1B7F976-C1CC-47CB-B2FA-9D6BC48EB0CB}
	EndGlobalSection
EndGlobal
