
Microsoft Visual Studio Solution File, Format Version 12.00
# Visual Studio Version 16
VisualStudioVersion = 16.0.33130.400
MinimumVisualStudioVersion = 10.0.40219.1
Project("{FAE04EC0-301F-11D3-BF4B-00C04F79EFBC}") = "Sokoban", "Sokoban\Sokoban.csproj", "{3C6F97F1-3AFA-4D95-8DA2-BFF3B430AA5F}"
EndProject
Global
	GlobalSection(SolutionConfigurationPlatforms) = preSolution
		Debug|Any CPU = Debug|Any CPU
		Release|Any CPU = Release|Any CPU
	EndGlobalSection
	GlobalSection(ProjectConfigurationPlatforms) = postSolution
		{3C6F97F1-3AFA-4D95-8DA2-BFF3B430AA5F}.Debug|Any CPU.ActiveCfg = Debug|Any CPU
		{3C6F97F1-3AFA-4D95-8DA2-BFF3B430AA5F}.Debug|Any CPU.Build.0 = Debug|Any CPU
		{3C6F97F1-3AFA-4D95-8DA2-BFF3B430AA5F}.Release|Any CPU.ActiveCfg = Release|Any CPU
		{3C6F97F1-3AFA-4D95-8DA2-BFF3B430AA5F}.Release|Any CPU.Build.0 = Release|Any CPU
	EndGlobalSection
	GlobalSection(SolutionProperties) = preSolution
		HideSolutionNode = FALSE
	EndGlobalSection
	GlobalSection(ExtensibilityGlobals) = postSolution
		SolutionGuid = {529C1E9B-905E-4F3C-9A5E-7405ACE829D9}
	EndGlobalSection
EndGlobal
