
Microsoft Visual Studio Solution File, Format Version 12.00
# Visual Studio Version 17
VisualStudioVersion = 17.4.33122.133
MinimumVisualStudioVersion = 10.0.40219.1
Project("{FAE04EC0-301F-11D3-BF4B-00C04F79EFBC}") = "Sokoban_ClassLesson", "Sokoban_ClassLesson\Sokoban_ClassLesson.csproj", "{8CEC5680-599A-41AA-87A1-354E124FB5F2}"
EndProject
Global
	GlobalSection(SolutionConfigurationPlatforms) = preSolution
		Debug|Any CPU = Debug|Any CPU
		Release|Any CPU = Release|Any CPU
	EndGlobalSection
	GlobalSection(ProjectConfigurationPlatforms) = postSolution
		{8CEC5680-599A-41AA-87A1-354E124FB5F2}.Debug|Any CPU.ActiveCfg = Debug|Any CPU
		{8CEC5680-599A-41AA-87A1-354E124FB5F2}.Debug|Any CPU.Build.0 = Debug|Any CPU
		{8CEC5680-599A-41AA-87A1-354E124FB5F2}.Release|Any CPU.ActiveCfg = Release|Any CPU
		{8CEC5680-599A-41AA-87A1-354E124FB5F2}.Release|Any CPU.Build.0 = Release|Any CPU
	EndGlobalSection
	GlobalSection(SolutionProperties) = preSolution
		HideSolutionNode = FALSE
	EndGlobalSection
	GlobalSection(ExtensibilityGlobals) = postSolution
		SolutionGuid = {E824AB42-08F4-4EED-94E8-FF0A9C224396}
	EndGlobalSection
EndGlobal
